
Microsoft Visual Studio Solution File, Format Version 11.00
# Visual Studio 2010
Project("{FAE04EC0-301F-11D3-BF4B-00C04F79EFBC}") = "V-air-FIAP-Flying-Goats-master", "Assembly-CSharp-firstpass.csproj", "{B35F7C05-D05A-D475-CCFF-5E77A5B1EF03}"
EndProject
Project("{FAE04EC0-301F-11D3-BF4B-00C04F79EFBC}") = "V-air-FIAP-Flying-Goats-master", "Assembly-CSharp.csproj", "{70F60C5E-6284-C845-21A5-A0DFE4424156}"
EndProject
Project("{FAE04EC0-301F-11D3-BF4B-00C04F79EFBC}") = "V-air-FIAP-Flying-Goats-master", "Assembly-CSharp-Editor.csproj", "{37356942-F921-4238-E9D1-DF1C9DD5739D}"
EndProject
Global
	GlobalSection(SolutionConfigurationPlatforms) = preSolution
		Debug|Any CPU = Debug|Any CPU
		Release|Any CPU = Release|Any CPU
	EndGlobalSection
	GlobalSection(ProjectConfigurationPlatforms) = postSolution
		{B35F7C05-D05A-D475-CCFF-5E77A5B1EF03}.Debug|Any CPU.ActiveCfg = Debug|Any CPU
		{B35F7C05-D05A-D475-CCFF-5E77A5B1EF03}.Debug|Any CPU.Build.0 = Debug|Any CPU
		{B35F7C05-D05A-D475-CCFF-5E77A5B1EF03}.Release|Any CPU.ActiveCfg = Release|Any CPU
		{B35F7C05-D05A-D475-CCFF-5E77A5B1EF03}.Release|Any CPU.Build.0 = Release|Any CPU
		{70F60C5E-6284-C845-21A5-A0DFE4424156}.Debug|Any CPU.ActiveCfg = Debug|Any CPU
		{70F60C5E-6284-C845-21A5-A0DFE4424156}.Debug|Any CPU.Build.0 = Debug|Any CPU
		{70F60C5E-6284-C845-21A5-A0DFE4424156}.Release|Any CPU.ActiveCfg = Release|Any CPU
		{70F60C5E-6284-C845-21A5-A0DFE4424156}.Release|Any CPU.Build.0 = Release|Any CPU
		{37356942-F921-4238-E9D1-DF1C9DD5739D}.Debug|Any CPU.ActiveCfg = Debug|Any CPU
		{37356942-F921-4238-E9D1-DF1C9DD5739D}.Debug|Any CPU.Build.0 = Debug|Any CPU
		{37356942-F921-4238-E9D1-DF1C9DD5739D}.Release|Any CPU.ActiveCfg = Release|Any CPU
		{37356942-F921-4238-E9D1-DF1C9DD5739D}.Release|Any CPU.Build.0 = Release|Any CPU
	EndGlobalSection
	GlobalSection(SolutionProperties) = preSolution
		HideSolutionNode = FALSE
	EndGlobalSection
	GlobalSection(MonoDevelopProperties) = preSolution
		StartupItem = Assembly-CSharp.csproj
	EndGlobalSection
EndGlobal
