
Microsoft Visual Studio Solution File, Format Version 11.00
# Visual Studio 2010
Project("{FAE04EC0-301F-11D3-BF4B-00C04F79EFBC}") = "V-air", "Assembly-CSharp.csproj", "{2D40872A-711E-C636-58A9-664684EE4414}"
EndProject
Project("{FAE04EC0-301F-11D3-BF4B-00C04F79EFBC}") = "V-air", "Assembly-CSharp-Editor.csproj", "{F9C73445-FD7B-D59A-A818-3F3965EC450C}"
EndProject
Global
	GlobalSection(SolutionConfigurationPlatforms) = preSolution
		Debug|Any CPU = Debug|Any CPU
		Release|Any CPU = Release|Any CPU
	EndGlobalSection
	GlobalSection(ProjectConfigurationPlatforms) = postSolution
		{2D40872A-711E-C636-58A9-664684EE4414}.Debug|Any CPU.ActiveCfg = Debug|Any CPU
		{2D40872A-711E-C636-58A9-664684EE4414}.Debug|Any CPU.Build.0 = Debug|Any CPU
		{2D40872A-711E-C636-58A9-664684EE4414}.Release|Any CPU.ActiveCfg = Release|Any CPU
		{2D40872A-711E-C636-58A9-664684EE4414}.Release|Any CPU.Build.0 = Release|Any CPU
		{F9C73445-FD7B-D59A-A818-3F3965EC450C}.Debug|Any CPU.ActiveCfg = Debug|Any CPU
		{F9C73445-FD7B-D59A-A818-3F3965EC450C}.Debug|Any CPU.Build.0 = Debug|Any CPU
		{F9C73445-FD7B-D59A-A818-3F3965EC450C}.Release|Any CPU.ActiveCfg = Release|Any CPU
		{F9C73445-FD7B-D59A-A818-3F3965EC450C}.Release|Any CPU.Build.0 = Release|Any CPU
	EndGlobalSection
	GlobalSection(SolutionProperties) = preSolution
		HideSolutionNode = FALSE
	EndGlobalSection
	GlobalSection(MonoDevelopProperties) = preSolution
		StartupItem = Assembly-CSharp.csproj
	EndGlobalSection
EndGlobal
